
Microsoft Visual Studio Solution File, Format Version 12.00
# Visual Studio 15
VisualStudioVersion = 15.0.26124.0
MinimumVisualStudioVersion = 15.0.26124.0
Project("{FAE04EC0-301F-11D3-BF4B-00C04F79EFBC}") = "Blazor", "Blazor\Blazor.csproj", "{C847E43B-6519-4508-B5B0-FF94FAF87245}"
EndProject
Project("{FAE04EC0-301F-11D3-BF4B-00C04F79EFBC}") = "Test", "Test\Test.csproj", "{CAE8A76A-39C5-4633-BBC5-607B224D40D4}"
EndProject
Project("{FAE04EC0-301F-11D3-BF4B-00C04F79EFBC}") = "Microsoft.AspNetCore.Components.Testing", "Microsoft.AspNetCore.Components.Testing\Microsoft.AspNetCore.Components.Testing.csproj", "{730F5642-3FF2-43BD-9283-BE41EBD662B5}"
EndProject
Project("{FAE04EC0-301F-11D3-BF4B-00C04F79EFBC}") = "blazorwasm", "blazorwasm\blazorwasm.csproj", "{A44DBA6F-C033-40FE-8E1C-919734FF8097}"
EndProject
Global
	GlobalSection(SolutionConfigurationPlatforms) = preSolution
		Debug|Any CPU = Debug|Any CPU
		Debug|x64 = Debug|x64
		Debug|x86 = Debug|x86
		Release|Any CPU = Release|Any CPU
		Release|x64 = Release|x64
		Release|x86 = Release|x86
	EndGlobalSection
	GlobalSection(SolutionProperties) = preSolution
		HideSolutionNode = FALSE
	EndGlobalSection
	GlobalSection(ProjectConfigurationPlatforms) = postSolution
		{C847E43B-6519-4508-B5B0-FF94FAF87245}.Debug|Any CPU.ActiveCfg = Debug|Any CPU
		{C847E43B-6519-4508-B5B0-FF94FAF87245}.Debug|Any CPU.Build.0 = Debug|Any CPU
		{C847E43B-6519-4508-B5B0-FF94FAF87245}.Debug|x64.ActiveCfg = Debug|Any CPU
		{C847E43B-6519-4508-B5B0-FF94FAF87245}.Debug|x64.Build.0 = Debug|Any CPU
		{C847E43B-6519-4508-B5B0-FF94FAF87245}.Debug|x86.ActiveCfg = Debug|Any CPU
		{C847E43B-6519-4508-B5B0-FF94FAF87245}.Debug|x86.Build.0 = Debug|Any CPU
		{C847E43B-6519-4508-B5B0-FF94FAF87245}.Release|Any CPU.ActiveCfg = Release|Any CPU
		{C847E43B-6519-4508-B5B0-FF94FAF87245}.Release|Any CPU.Build.0 = Release|Any CPU
		{C847E43B-6519-4508-B5B0-FF94FAF87245}.Release|x64.ActiveCfg = Release|Any CPU
		{C847E43B-6519-4508-B5B0-FF94FAF87245}.Release|x64.Build.0 = Release|Any CPU
		{C847E43B-6519-4508-B5B0-FF94FAF87245}.Release|x86.ActiveCfg = Release|Any CPU
		{C847E43B-6519-4508-B5B0-FF94FAF87245}.Release|x86.Build.0 = Release|Any CPU
		{CAE8A76A-39C5-4633-BBC5-607B224D40D4}.Debug|Any CPU.ActiveCfg = Debug|Any CPU
		{CAE8A76A-39C5-4633-BBC5-607B224D40D4}.Debug|Any CPU.Build.0 = Debug|Any CPU
		{CAE8A76A-39C5-4633-BBC5-607B224D40D4}.Debug|x64.ActiveCfg = Debug|Any CPU
		{CAE8A76A-39C5-4633-BBC5-607B224D40D4}.Debug|x64.Build.0 = Debug|Any CPU
		{CAE8A76A-39C5-4633-BBC5-607B224D40D4}.Debug|x86.ActiveCfg = Debug|Any CPU
		{CAE8A76A-39C5-4633-BBC5-607B224D40D4}.Debug|x86.Build.0 = Debug|Any CPU
		{CAE8A76A-39C5-4633-BBC5-607B224D40D4}.Release|Any CPU.ActiveCfg = Release|Any CPU
		{CAE8A76A-39C5-4633-BBC5-607B224D40D4}.Release|Any CPU.Build.0 = Release|Any CPU
		{CAE8A76A-39C5-4633-BBC5-607B224D40D4}.Release|x64.ActiveCfg = Release|Any CPU
		{CAE8A76A-39C5-4633-BBC5-607B224D40D4}.Release|x64.Build.0 = Release|Any CPU
		{CAE8A76A-39C5-4633-BBC5-607B224D40D4}.Release|x86.ActiveCfg = Release|Any CPU
		{CAE8A76A-39C5-4633-BBC5-607B224D40D4}.Release|x86.Build.0 = Release|Any CPU
		{730F5642-3FF2-43BD-9283-BE41EBD662B5}.Debug|Any CPU.ActiveCfg = Debug|Any CPU
		{730F5642-3FF2-43BD-9283-BE41EBD662B5}.Debug|Any CPU.Build.0 = Debug|Any CPU
		{730F5642-3FF2-43BD-9283-BE41EBD662B5}.Debug|x64.ActiveCfg = Debug|Any CPU
		{730F5642-3FF2-43BD-9283-BE41EBD662B5}.Debug|x64.Build.0 = Debug|Any CPU
		{730F5642-3FF2-43BD-9283-BE41EBD662B5}.Debug|x86.ActiveCfg = Debug|Any CPU
		{730F5642-3FF2-43BD-9283-BE41EBD662B5}.Debug|x86.Build.0 = Debug|Any CPU
		{730F5642-3FF2-43BD-9283-BE41EBD662B5}.Release|Any CPU.ActiveCfg = Release|Any CPU
		{730F5642-3FF2-43BD-9283-BE41EBD662B5}.Release|Any CPU.Build.0 = Release|Any CPU
		{730F5642-3FF2-43BD-9283-BE41EBD662B5}.Release|x64.ActiveCfg = Release|Any CPU
		{730F5642-3FF2-43BD-9283-BE41EBD662B5}.Release|x64.Build.0 = Release|Any CPU
		{730F5642-3FF2-43BD-9283-BE41EBD662B5}.Release|x86.ActiveCfg = Release|Any CPU
		{730F5642-3FF2-43BD-9283-BE41EBD662B5}.Release|x86.Build.0 = Release|Any CPU
		{A44DBA6F-C033-40FE-8E1C-919734FF8097}.Debug|Any CPU.ActiveCfg = Debug|Any CPU
		{A44DBA6F-C033-40FE-8E1C-919734FF8097}.Debug|Any CPU.Build.0 = Debug|Any CPU
		{A44DBA6F-C033-40FE-8E1C-919734FF8097}.Debug|x64.ActiveCfg = Debug|Any CPU
		{A44DBA6F-C033-40FE-8E1C-919734FF8097}.Debug|x64.Build.0 = Debug|Any CPU
		{A44DBA6F-C033-40FE-8E1C-919734FF8097}.Debug|x86.ActiveCfg = Debug|Any CPU
		{A44DBA6F-C033-40FE-8E1C-919734FF8097}.Debug|x86.Build.0 = Debug|Any CPU
		{A44DBA6F-C033-40FE-8E1C-919734FF8097}.Release|Any CPU.ActiveCfg = Release|Any CPU
		{A44DBA6F-C033-40FE-8E1C-919734FF8097}.Release|Any CPU.Build.0 = Release|Any CPU
		{A44DBA6F-C033-40FE-8E1C-919734FF8097}.Release|x64.ActiveCfg = Release|Any CPU
		{A44DBA6F-C033-40FE-8E1C-919734FF8097}.Release|x64.Build.0 = Release|Any CPU
		{A44DBA6F-C033-40FE-8E1C-919734FF8097}.Release|x86.ActiveCfg = Release|Any CPU
		{A44DBA6F-C033-40FE-8E1C-919734FF8097}.Release|x86.Build.0 = Release|Any CPU
	EndGlobalSection
EndGlobal
