
Microsoft Visual Studio Solution File, Format Version 12.00
# Visual Studio 15
VisualStudioVersion = 15.0.26124.0
MinimumVisualStudioVersion = 15.0.26124.0
Project("{FAE04EC0-301F-11D3-BF4B-00C04F79EFBC}") = "Spa", "Spa\Spa.csproj", "{BFFAC757-1722-46C1-9ACE-4EB8F9475556}"
EndProject
Project("{FAE04EC0-301F-11D3-BF4B-00C04F79EFBC}") = "Test", "Test\Test.csproj", "{FCB2A105-D023-4683-A50F-7BF64D6D2F24}"
EndProject
Global
	GlobalSection(SolutionConfigurationPlatforms) = preSolution
		Debug|Any CPU = Debug|Any CPU
		Debug|x64 = Debug|x64
		Debug|x86 = Debug|x86
		Release|Any CPU = Release|Any CPU
		Release|x64 = Release|x64
		Release|x86 = Release|x86
	EndGlobalSection
	GlobalSection(SolutionProperties) = preSolution
		HideSolutionNode = FALSE
	EndGlobalSection
	GlobalSection(ProjectConfigurationPlatforms) = postSolution
		{BFFAC757-1722-46C1-9ACE-4EB8F9475556}.Debug|Any CPU.ActiveCfg = Debug|Any CPU
		{BFFAC757-1722-46C1-9ACE-4EB8F9475556}.Debug|Any CPU.Build.0 = Debug|Any CPU
		{BFFAC757-1722-46C1-9ACE-4EB8F9475556}.Debug|x64.ActiveCfg = Debug|Any CPU
		{BFFAC757-1722-46C1-9ACE-4EB8F9475556}.Debug|x64.Build.0 = Debug|Any CPU
		{BFFAC757-1722-46C1-9ACE-4EB8F9475556}.Debug|x86.ActiveCfg = Debug|Any CPU
		{BFFAC757-1722-46C1-9ACE-4EB8F9475556}.Debug|x86.Build.0 = Debug|Any CPU
		{BFFAC757-1722-46C1-9ACE-4EB8F9475556}.Release|Any CPU.ActiveCfg = Release|Any CPU
		{BFFAC757-1722-46C1-9ACE-4EB8F9475556}.Release|Any CPU.Build.0 = Release|Any CPU
		{BFFAC757-1722-46C1-9ACE-4EB8F9475556}.Release|x64.ActiveCfg = Release|Any CPU
		{BFFAC757-1722-46C1-9ACE-4EB8F9475556}.Release|x64.Build.0 = Release|Any CPU
		{BFFAC757-1722-46C1-9ACE-4EB8F9475556}.Release|x86.ActiveCfg = Release|Any CPU
		{BFFAC757-1722-46C1-9ACE-4EB8F9475556}.Release|x86.Build.0 = Release|Any CPU
		{FCB2A105-D023-4683-A50F-7BF64D6D2F24}.Debug|Any CPU.ActiveCfg = Debug|Any CPU
		{FCB2A105-D023-4683-A50F-7BF64D6D2F24}.Debug|Any CPU.Build.0 = Debug|Any CPU
		{FCB2A105-D023-4683-A50F-7BF64D6D2F24}.Debug|x64.ActiveCfg = Debug|Any CPU
		{FCB2A105-D023-4683-A50F-7BF64D6D2F24}.Debug|x64.Build.0 = Debug|Any CPU
		{FCB2A105-D023-4683-A50F-7BF64D6D2F24}.Debug|x86.ActiveCfg = Debug|Any CPU
		{FCB2A105-D023-4683-A50F-7BF64D6D2F24}.Debug|x86.Build.0 = Debug|Any CPU
		{FCB2A105-D023-4683-A50F-7BF64D6D2F24}.Release|Any CPU.ActiveCfg = Release|Any CPU
		{FCB2A105-D023-4683-A50F-7BF64D6D2F24}.Release|Any CPU.Build.0 = Release|Any CPU
		{FCB2A105-D023-4683-A50F-7BF64D6D2F24}.Release|x64.ActiveCfg = Release|Any CPU
		{FCB2A105-D023-4683-A50F-7BF64D6D2F24}.Release|x64.Build.0 = Release|Any CPU
		{FCB2A105-D023-4683-A50F-7BF64D6D2F24}.Release|x86.ActiveCfg = Release|Any CPU
		{FCB2A105-D023-4683-A50F-7BF64D6D2F24}.Release|x86.Build.0 = Release|Any CPU
	EndGlobalSection
EndGlobal
